
Microsoft Visual Studio Solution File, Format Version 12.00
# Visual Studio Version 17
VisualStudioVersion = 17.9.34728.123
MinimumVisualStudioVersion = 10.0.40219.1
Project("{8BC9CEB8-8B4A-11D0-8D11-00A0C91BC942}") = "Problem8-5", "Problem8-5.vcxproj", "{D19D493D-E0FB-41A0-9369-D889196504EF}"
EndProject
Global
	GlobalSection(SolutionConfigurationPlatforms) = preSolution
		Debug|x64 = Debug|x64
		Debug|x86 = Debug|x86
		Release|x64 = Release|x64
		Release|x86 = Release|x86
	EndGlobalSection
	GlobalSection(ProjectConfigurationPlatforms) = postSolution
		{D19D493D-E0FB-41A0-9369-D889196504EF}.Debug|x64.ActiveCfg = Debug|x64
		{D19D493D-E0FB-41A0-9369-D889196504EF}.Debug|x64.Build.0 = Debug|x64
		{D19D493D-E0FB-41A0-9369-D889196504EF}.Debug|x86.ActiveCfg = Debug|Win32
		{D19D493D-E0FB-41A0-9369-D889196504EF}.Debug|x86.Build.0 = Debug|Win32
		{D19D493D-E0FB-41A0-9369-D889196504EF}.Release|x64.ActiveCfg = Release|x64
		{D19D493D-E0FB-41A0-9369-D889196504EF}.Release|x64.Build.0 = Release|x64
		{D19D493D-E0FB-41A0-9369-D889196504EF}.Release|x86.ActiveCfg = Release|Win32
		{D19D493D-E0FB-41A0-9369-D889196504EF}.Release|x86.Build.0 = Release|Win32
	EndGlobalSection
	GlobalSection(SolutionProperties) = preSolution
		HideSolutionNode = FALSE
	EndGlobalSection
	GlobalSection(ExtensibilityGlobals) = postSolution
		SolutionGuid = {6E9671ED-5484-4EF0-92BE-F24C95A8235E}
	EndGlobalSection
EndGlobal
