
Microsoft Visual Studio Solution File, Format Version 12.00
# Visual Studio Version 17
VisualStudioVersion = 17.14.36221.1 d17.14
MinimumVisualStudioVersion = 10.0.40219.1
Project("{FAE04EC0-301F-11D3-BF4B-00C04F79EFBC}") = "Properties Get and Set", "Properties Get and Set.csproj", "{CBFB3CC4-7A42-4FD7-A113-DF9CED337FF8}"
EndProject
Global
	GlobalSection(SolutionConfigurationPlatforms) = preSolution
		Debug|Any CPU = Debug|Any CPU
		Release|Any CPU = Release|Any CPU
	EndGlobalSection
	GlobalSection(ProjectConfigurationPlatforms) = postSolution
		{CBFB3CC4-7A42-4FD7-A113-DF9CED337FF8}.Debug|Any CPU.ActiveCfg = Debug|Any CPU
		{CBFB3CC4-7A42-4FD7-A113-DF9CED337FF8}.Debug|Any CPU.Build.0 = Debug|Any CPU
		{CBFB3CC4-7A42-4FD7-A113-DF9CED337FF8}.Release|Any CPU.ActiveCfg = Release|Any CPU
		{CBFB3CC4-7A42-4FD7-A113-DF9CED337FF8}.Release|Any CPU.Build.0 = Release|Any CPU
	EndGlobalSection
	GlobalSection(SolutionProperties) = preSolution
		HideSolutionNode = FALSE
	EndGlobalSection
	GlobalSection(ExtensibilityGlobals) = postSolution
		SolutionGuid = {14DDDD90-40FD-4C32-8D3E-A9D04FF0EAEF}
	EndGlobalSection
EndGlobal
