
Microsoft Visual Studio Solution File, Format Version 12.00
# Visual Studio Version 17
VisualStudioVersion = 17.9.34728.123
MinimumVisualStudioVersion = 10.0.40219.1
Project("{8BC9CEB8-8B4A-11D0-8D11-00A0C91BC942}") = "Problem19-5", "Problem19-5.vcxproj", "{BCF71A7D-D536-4210-8B43-EA4C6B5D007C}"
EndProject
Global
	GlobalSection(SolutionConfigurationPlatforms) = preSolution
		Debug|x64 = Debug|x64
		Debug|x86 = Debug|x86
		Release|x64 = Release|x64
		Release|x86 = Release|x86
	EndGlobalSection
	GlobalSection(ProjectConfigurationPlatforms) = postSolution
		{BCF71A7D-D536-4210-8B43-EA4C6B5D007C}.Debug|x64.ActiveCfg = Debug|x64
		{BCF71A7D-D536-4210-8B43-EA4C6B5D007C}.Debug|x64.Build.0 = Debug|x64
		{BCF71A7D-D536-4210-8B43-EA4C6B5D007C}.Debug|x86.ActiveCfg = Debug|Win32
		{BCF71A7D-D536-4210-8B43-EA4C6B5D007C}.Debug|x86.Build.0 = Debug|Win32
		{BCF71A7D-D536-4210-8B43-EA4C6B5D007C}.Release|x64.ActiveCfg = Release|x64
		{BCF71A7D-D536-4210-8B43-EA4C6B5D007C}.Release|x64.Build.0 = Release|x64
		{BCF71A7D-D536-4210-8B43-EA4C6B5D007C}.Release|x86.ActiveCfg = Release|Win32
		{BCF71A7D-D536-4210-8B43-EA4C6B5D007C}.Release|x86.Build.0 = Release|Win32
	EndGlobalSection
	GlobalSection(SolutionProperties) = preSolution
		HideSolutionNode = FALSE
	EndGlobalSection
	GlobalSection(ExtensibilityGlobals) = postSolution
		SolutionGuid = {3EC15810-6F68-4D51-BDF4-7B3610C42898}
	EndGlobalSection
EndGlobal
