
Microsoft Visual Studio Solution File, Format Version 12.00
# Visual Studio Version 17
VisualStudioVersion = 17.9.34728.123
MinimumVisualStudioVersion = 10.0.40219.1
Project("{8BC9CEB8-8B4A-11D0-8D11-00A0C91BC942}") = "Problem21", "Problem21.vcxproj", "{7D112918-76B1-49E4-8BDF-8AF5CD520BB0}"
EndProject
Global
	GlobalSection(SolutionConfigurationPlatforms) = preSolution
		Debug|x64 = Debug|x64
		Debug|x86 = Debug|x86
		Release|x64 = Release|x64
		Release|x86 = Release|x86
	EndGlobalSection
	GlobalSection(ProjectConfigurationPlatforms) = postSolution
		{7D112918-76B1-49E4-8BDF-8AF5CD520BB0}.Debug|x64.ActiveCfg = Debug|x64
		{7D112918-76B1-49E4-8BDF-8AF5CD520BB0}.Debug|x64.Build.0 = Debug|x64
		{7D112918-76B1-49E4-8BDF-8AF5CD520BB0}.Debug|x86.ActiveCfg = Debug|Win32
		{7D112918-76B1-49E4-8BDF-8AF5CD520BB0}.Debug|x86.Build.0 = Debug|Win32
		{7D112918-76B1-49E4-8BDF-8AF5CD520BB0}.Release|x64.ActiveCfg = Release|x64
		{7D112918-76B1-49E4-8BDF-8AF5CD520BB0}.Release|x64.Build.0 = Release|x64
		{7D112918-76B1-49E4-8BDF-8AF5CD520BB0}.Release|x86.ActiveCfg = Release|Win32
		{7D112918-76B1-49E4-8BDF-8AF5CD520BB0}.Release|x86.Build.0 = Release|Win32
	EndGlobalSection
	GlobalSection(SolutionProperties) = preSolution
		HideSolutionNode = FALSE
	EndGlobalSection
	GlobalSection(ExtensibilityGlobals) = postSolution
		SolutionGuid = {3746F5CE-C6CE-4FEE-9882-815A4ACD99D3}
	EndGlobalSection
EndGlobal
