
Microsoft Visual Studio Solution File, Format Version 12.00
# Visual Studio Version 17
VisualStudioVersion = 17.9.34728.123
MinimumVisualStudioVersion = 10.0.40219.1
Project("{8BC9CEB8-8B4A-11D0-8D11-00A0C91BC942}") = "Problem6", "Problem6.vcxproj", "{71AE95DC-8993-4728-9437-9433A608141C}"
EndProject
Global
	GlobalSection(SolutionConfigurationPlatforms) = preSolution
		Debug|x64 = Debug|x64
		Debug|x86 = Debug|x86
		Release|x64 = Release|x64
		Release|x86 = Release|x86
	EndGlobalSection
	GlobalSection(ProjectConfigurationPlatforms) = postSolution
		{71AE95DC-8993-4728-9437-9433A608141C}.Debug|x64.ActiveCfg = Debug|x64
		{71AE95DC-8993-4728-9437-9433A608141C}.Debug|x64.Build.0 = Debug|x64
		{71AE95DC-8993-4728-9437-9433A608141C}.Debug|x86.ActiveCfg = Debug|Win32
		{71AE95DC-8993-4728-9437-9433A608141C}.Debug|x86.Build.0 = Debug|Win32
		{71AE95DC-8993-4728-9437-9433A608141C}.Release|x64.ActiveCfg = Release|x64
		{71AE95DC-8993-4728-9437-9433A608141C}.Release|x64.Build.0 = Release|x64
		{71AE95DC-8993-4728-9437-9433A608141C}.Release|x86.ActiveCfg = Release|Win32
		{71AE95DC-8993-4728-9437-9433A608141C}.Release|x86.Build.0 = Release|Win32
	EndGlobalSection
	GlobalSection(SolutionProperties) = preSolution
		HideSolutionNode = FALSE
	EndGlobalSection
	GlobalSection(ExtensibilityGlobals) = postSolution
		SolutionGuid = {91DF87A8-E937-45C4-B2DA-3D8A0E8B16CD}
	EndGlobalSection
EndGlobal
