
Microsoft Visual Studio Solution File, Format Version 12.00
# Visual Studio Version 17
VisualStudioVersion = 17.9.34728.123
MinimumVisualStudioVersion = 10.0.40219.1
Project("{8BC9CEB8-8B4A-11D0-8D11-00A0C91BC942}") = "Problem20", "Problem20.vcxproj", "{4F1BE1DD-5E5C-4ED8-BD2F-4999B86BC8AF}"
EndProject
Global
	GlobalSection(SolutionConfigurationPlatforms) = preSolution
		Debug|x64 = Debug|x64
		Debug|x86 = Debug|x86
		Release|x64 = Release|x64
		Release|x86 = Release|x86
	EndGlobalSection
	GlobalSection(ProjectConfigurationPlatforms) = postSolution
		{4F1BE1DD-5E5C-4ED8-BD2F-4999B86BC8AF}.Debug|x64.ActiveCfg = Debug|x64
		{4F1BE1DD-5E5C-4ED8-BD2F-4999B86BC8AF}.Debug|x64.Build.0 = Debug|x64
		{4F1BE1DD-5E5C-4ED8-BD2F-4999B86BC8AF}.Debug|x86.ActiveCfg = Debug|Win32
		{4F1BE1DD-5E5C-4ED8-BD2F-4999B86BC8AF}.Debug|x86.Build.0 = Debug|Win32
		{4F1BE1DD-5E5C-4ED8-BD2F-4999B86BC8AF}.Release|x64.ActiveCfg = Release|x64
		{4F1BE1DD-5E5C-4ED8-BD2F-4999B86BC8AF}.Release|x64.Build.0 = Release|x64
		{4F1BE1DD-5E5C-4ED8-BD2F-4999B86BC8AF}.Release|x86.ActiveCfg = Release|Win32
		{4F1BE1DD-5E5C-4ED8-BD2F-4999B86BC8AF}.Release|x86.Build.0 = Release|Win32
	EndGlobalSection
	GlobalSection(SolutionProperties) = preSolution
		HideSolutionNode = FALSE
	EndGlobalSection
	GlobalSection(ExtensibilityGlobals) = postSolution
		SolutionGuid = {BBCA11BE-35C1-49C5-90B1-37F9B2373897}
	EndGlobalSection
EndGlobal
