
Microsoft Visual Studio Solution File, Format Version 12.00
# Visual Studio Version 17
VisualStudioVersion = 17.9.34728.123
MinimumVisualStudioVersion = 10.0.40219.1
Project("{8BC9CEB8-8B4A-11D0-8D11-00A0C91BC942}") = "Problem14-5", "Problem14-5.vcxproj", "{B4BA15C0-F6FD-4688-8712-FFE7583D3534}"
EndProject
Global
	GlobalSection(SolutionConfigurationPlatforms) = preSolution
		Debug|x64 = Debug|x64
		Debug|x86 = Debug|x86
		Release|x64 = Release|x64
		Release|x86 = Release|x86
	EndGlobalSection
	GlobalSection(ProjectConfigurationPlatforms) = postSolution
		{B4BA15C0-F6FD-4688-8712-FFE7583D3534}.Debug|x64.ActiveCfg = Debug|x64
		{B4BA15C0-F6FD-4688-8712-FFE7583D3534}.Debug|x64.Build.0 = Debug|x64
		{B4BA15C0-F6FD-4688-8712-FFE7583D3534}.Debug|x86.ActiveCfg = Debug|Win32
		{B4BA15C0-F6FD-4688-8712-FFE7583D3534}.Debug|x86.Build.0 = Debug|Win32
		{B4BA15C0-F6FD-4688-8712-FFE7583D3534}.Release|x64.ActiveCfg = Release|x64
		{B4BA15C0-F6FD-4688-8712-FFE7583D3534}.Release|x64.Build.0 = Release|x64
		{B4BA15C0-F6FD-4688-8712-FFE7583D3534}.Release|x86.ActiveCfg = Release|Win32
		{B4BA15C0-F6FD-4688-8712-FFE7583D3534}.Release|x86.Build.0 = Release|Win32
	EndGlobalSection
	GlobalSection(SolutionProperties) = preSolution
		HideSolutionNode = FALSE
	EndGlobalSection
	GlobalSection(ExtensibilityGlobals) = postSolution
		SolutionGuid = {A17549D6-E64F-4155-8DD2-E97013D74525}
	EndGlobalSection
EndGlobal
