
Microsoft Visual Studio Solution File, Format Version 12.00
# Visual Studio Version 17
VisualStudioVersion = 17.9.34728.123
MinimumVisualStudioVersion = 10.0.40219.1
Project("{8BC9CEB8-8B4A-11D0-8D11-00A0C91BC942}") = "Problem4", "Problem4.vcxproj", "{4A971CD7-7909-43A0-A98D-6A0267F0CE85}"
EndProject
Global
	GlobalSection(SolutionConfigurationPlatforms) = preSolution
		Debug|x64 = Debug|x64
		Debug|x86 = Debug|x86
		Release|x64 = Release|x64
		Release|x86 = Release|x86
	EndGlobalSection
	GlobalSection(ProjectConfigurationPlatforms) = postSolution
		{4A971CD7-7909-43A0-A98D-6A0267F0CE85}.Debug|x64.ActiveCfg = Debug|x64
		{4A971CD7-7909-43A0-A98D-6A0267F0CE85}.Debug|x64.Build.0 = Debug|x64
		{4A971CD7-7909-43A0-A98D-6A0267F0CE85}.Debug|x86.ActiveCfg = Debug|Win32
		{4A971CD7-7909-43A0-A98D-6A0267F0CE85}.Debug|x86.Build.0 = Debug|Win32
		{4A971CD7-7909-43A0-A98D-6A0267F0CE85}.Release|x64.ActiveCfg = Release|x64
		{4A971CD7-7909-43A0-A98D-6A0267F0CE85}.Release|x64.Build.0 = Release|x64
		{4A971CD7-7909-43A0-A98D-6A0267F0CE85}.Release|x86.ActiveCfg = Release|Win32
		{4A971CD7-7909-43A0-A98D-6A0267F0CE85}.Release|x86.Build.0 = Release|Win32
	EndGlobalSection
	GlobalSection(SolutionProperties) = preSolution
		HideSolutionNode = FALSE
	EndGlobalSection
	GlobalSection(ExtensibilityGlobals) = postSolution
		SolutionGuid = {6D965C20-6676-4DB8-922D-6A669627FC23}
	EndGlobalSection
EndGlobal
